PODS:
  - Alamofire (4.7.0)
  - FlowKitManager (0.5.5)
  - Kingfisher (4.6.3)
  - SVProgressHUD (2.2.5)

DEPENDENCIES:
  - Alamofire (~> 4.7)
  - FlowKitManager
  - Kingfisher
  - SVProgressHUD

SPEC REPOS:
  https://github.com/CocoaPods/Specs.git:
    - Alamofire
    - FlowKitManager
    - Kingfisher
    - SVProgressHUD

SPEC CHECKSUMS:
  Alamofire: 907e0a98eb68cdb7f9d1f541a563d6ac5dc77b25
  FlowKitManager: 97323bd71e571c6f1b716b00aa4c9054a6ecfa05
  Kingfisher: 98e6d5b5e807645743e8ed5ececd25d688d38452
  SVProgressHUD: 1428aafac632c1f86f62aa4243ec12008d7a51d6

PODFILE CHECKSUM: b99ad4a2028e700b5deedb503d8cb68b136b1fd5

COCOAPODS: 1.5.0
