// !$*UTF8*$!
{
	archiveVersion = 1;
	classes = {
	};
	objectVersion = 50;
	objects = {

/* Begin PBXBuildFile section */
		AD2E99BE209988D800B4BE4D /* AppDelegate.swift in Sources */ = {isa = PBXBuildFile; fileRef = AD2E99BD209988D800B4BE4D /* AppDelegate.swift */; };
		AD2E99C0209988D800B4BE4D /* ViewController.swift in Sources */ = {isa = PBXBuildFile; fileRef = AD2E99BF209988D800B4BE4D /* ViewController.swift */; };
		AD2E99C3209988D800B4BE4D /* Main.storyboard in Resources */ = {isa = PBXBuildFile; fileRef = AD2E99C1209988D800B4BE4D /* Main.storyboard */; };
		AD2E99C5209988DB00B4BE4D /* Assets.xcassets in Resources */ = {isa = PBXBuildFile; fileRef = AD2E99C4209988DB00B4BE4D /* Assets.xcassets */; };
		AD2E99C8209988DB00B4BE4D /* LaunchScreen.storyboard in Resources */ = {isa = PBXBuildFile; fileRef = AD2E99C6209988DB00B4BE4D /* LaunchScreen.storyboard */; };
		AD2E99D3209988DB00B4BE4D /* CoordinatorQiitaClientTests.swift in Sources */ = {isa = PBXBuildFile; fileRef = AD2E99D2209988DB00B4BE4D /* CoordinatorQiitaClientTests.swift */; };
		AD2E99E0209C6A3A00B4BE4D /* User.swift in Sources */ = {isa = PBXBuildFile; fileRef = AD2E99DF209C6A3A00B4BE4D /* User.swift */; };
		AD2E99FE209CB1A700B4BE4D /* APIs.swift in Sources */ = {isa = PBXBuildFile; fileRef = AD2E99F5209CB1A700B4BE4D /* APIs.swift */; };
		AD2E99FF209CB1A700B4BE4D /* Extensions.swift in Sources */ = {isa = PBXBuildFile; fileRef = AD2E99F6209CB1A700B4BE4D /* Extensions.swift */; };
		AD2E9A00209CB1A700B4BE4D /* AlamofireImplementations.swift in Sources */ = {isa = PBXBuildFile; fileRef = AD2E99F7209CB1A700B4BE4D /* AlamofireImplementations.swift */; };
		AD2E9A01209CB1A700B4BE4D /* Models.swift in Sources */ = {isa = PBXBuildFile; fileRef = AD2E99F8209CB1A700B4BE4D /* Models.swift */; };
		AD2E9A02209CB1A800B4BE4D /* CodableHelper.swift in Sources */ = {isa = PBXBuildFile; fileRef = AD2E99F9209CB1A700B4BE4D /* CodableHelper.swift */; };
		AD2E9A03209CB1A800B4BE4D /* JSONEncodableEncoding.swift in Sources */ = {isa = PBXBuildFile; fileRef = AD2E99FA209CB1A700B4BE4D /* JSONEncodableEncoding.swift */; };
		AD2E9A04209CB1A800B4BE4D /* Configuration.swift in Sources */ = {isa = PBXBuildFile; fileRef = AD2E99FB209CB1A700B4BE4D /* Configuration.swift */; };
		AD2E9A05209CB1A800B4BE4D /* JSONEncodingHelper.swift in Sources */ = {isa = PBXBuildFile; fileRef = AD2E99FC209CB1A700B4BE4D /* JSONEncodingHelper.swift */; };
		AD2E9A06209CB1A800B4BE4D /* APIHelper.swift in Sources */ = {isa = PBXBuildFile; fileRef = AD2E99FD209CB1A700B4BE4D /* APIHelper.swift */; };
		AD2E9A08209CB86800B4BE4D /* Tag.swift in Sources */ = {isa = PBXBuildFile; fileRef = AD2E9A07209CB86800B4BE4D /* Tag.swift */; };
		AD2E9A0A209CB8B000B4BE4D /* Item.swift in Sources */ = {isa = PBXBuildFile; fileRef = AD2E9A09209CB8B000B4BE4D /* Item.swift */; };
		AD2E9A0D209CBA5D00B4BE4D /* ItemAPI.swift in Sources */ = {isa = PBXBuildFile; fileRef = AD2E9A0C209CBA5D00B4BE4D /* ItemAPI.swift */; };
		AD2E9A0F209CC11000B4BE4D /* LikeUser.swift in Sources */ = {isa = PBXBuildFile; fileRef = AD2E9A0E209CC11000B4BE4D /* LikeUser.swift */; };
		AD2E9A11209CC4C100B4BE4D /* AuthenticationInfo.swift in Sources */ = {isa = PBXBuildFile; fileRef = AD2E9A10209CC4C100B4BE4D /* AuthenticationInfo.swift */; };
		AD2E9A13209CC59900B4BE4D /* AuthAPI.swift in Sources */ = {isa = PBXBuildFile; fileRef = AD2E9A12209CC59900B4BE4D /* AuthAPI.swift */; };
		AD2E9A15209CC7C000B4BE4D /* UserAPI.swift in Sources */ = {isa = PBXBuildFile; fileRef = AD2E9A14209CC7C000B4BE4D /* UserAPI.swift */; };
		AD2E9A17209F0CA800B4BE4D /* TagAPI.swift in Sources */ = {isa = PBXBuildFile; fileRef = AD2E9A16209F0CA800B4BE4D /* TagAPI.swift */; };
		AD2E9A1B209FECF100B4BE4D /* LikeUserAPI.swift in Sources */ = {isa = PBXBuildFile; fileRef = AD2E9A1A209FECF100B4BE4D /* LikeUserAPI.swift */; };
		AD2E9A1E209FF17E00B4BE4D /* NSObject+Ex.swift in Sources */ = {isa = PBXBuildFile; fileRef = AD2E9A1D209FF17E00B4BE4D /* NSObject+Ex.swift */; };
		AD2E9A20209FF19D00B4BE4D /* UITableView+Ex.swift in Sources */ = {isa = PBXBuildFile; fileRef = AD2E9A1F209FF19D00B4BE4D /* UITableView+Ex.swift */; };
		AD2E9A22209FF1BC00B4BE4D /* UICollectionView+Ex.swift in Sources */ = {isa = PBXBuildFile; fileRef = AD2E9A21209FF1BC00B4BE4D /* UICollectionView+Ex.swift */; };
		AD2E9A24209FF1FB00B4BE4D /* NibInstantiatable.swift in Sources */ = {isa = PBXBuildFile; fileRef = AD2E9A23209FF1FB00B4BE4D /* NibInstantiatable.swift */; };
		AD2E9A26209FF22600B4BE4D /* StoryboardInstantiatable.swift in Sources */ = {isa = PBXBuildFile; fileRef = AD2E9A25209FF22600B4BE4D /* StoryboardInstantiatable.swift */; };
		AD2E9A28209FF24F00B4BE4D /* URLRequest+Ex.swift in Sources */ = {isa = PBXBuildFile; fileRef = AD2E9A27209FF24F00B4BE4D /* URLRequest+Ex.swift */; };
		AD2E9A2A209FF27200B4BE4D /* Sequence+Ex.swift in Sources */ = {isa = PBXBuildFile; fileRef = AD2E9A29209FF27200B4BE4D /* Sequence+Ex.swift */; };
		AD2E9A2C209FF2AB00B4BE4D /* UserDefaults+Ex.swift in Sources */ = {isa = PBXBuildFile; fileRef = AD2E9A2B209FF2AB00B4BE4D /* UserDefaults+Ex.swift */; };
		AD2E9A2F209FF62500B4BE4D /* BaseCoordinator.swift in Sources */ = {isa = PBXBuildFile; fileRef = AD2E9A2E209FF62500B4BE4D /* BaseCoordinator.swift */; };
		AD2E9A31209FF63700B4BE4D /* Coordinator.swift in Sources */ = {isa = PBXBuildFile; fileRef = AD2E9A30209FF63700B4BE4D /* Coordinator.swift */; };
		AD2E9A33209FF6A600B4BE4D /* CoordinatorFinishFlowType.swift in Sources */ = {isa = PBXBuildFile; fileRef = AD2E9A32209FF6A600B4BE4D /* CoordinatorFinishFlowType.swift */; };
		AD2E9A36209FF71500B4BE4D /* Presentable.swift in Sources */ = {isa = PBXBuildFile; fileRef = AD2E9A35209FF71500B4BE4D /* Presentable.swift */; };
		AD2E9A38209FF73F00B4BE4D /* Router.swift in Sources */ = {isa = PBXBuildFile; fileRef = AD2E9A37209FF73F00B4BE4D /* Router.swift */; };
		AD2E9A3A209FF76600B4BE4D /* RouterImpl.swift in Sources */ = {isa = PBXBuildFile; fileRef = AD2E9A39209FF76600B4BE4D /* RouterImpl.swift */; };
		AD2E9A42209FFC0A00B4BE4D /* BaseView.swift in Sources */ = {isa = PBXBuildFile; fileRef = AD2E9A41209FFC0A00B4BE4D /* BaseView.swift */; };
		AD2E9A44209FFC5F00B4BE4D /* LoginViewOutput.swift in Sources */ = {isa = PBXBuildFile; fileRef = AD2E9A43209FFC5F00B4BE4D /* LoginViewOutput.swift */; };
		AD2E9A4C209FFFCB00B4BE4D /* LoginView.swift in Sources */ = {isa = PBXBuildFile; fileRef = AD2E9A4B209FFFCB00B4BE4D /* LoginView.swift */; };
		AD2E9A4E209FFFDD00B4BE4D /* LoginView.xib in Resources */ = {isa = PBXBuildFile; fileRef = AD2E9A4D209FFFDD00B4BE4D /* LoginView.xib */; };
		AD2E9A5220A0061800B4BE4D /* AuthModuleFactory.swift in Sources */ = {isa = PBXBuildFile; fileRef = AD2E9A5120A0061800B4BE4D /* AuthModuleFactory.swift */; };
		AD2E9A5420A0065200B4BE4D /* ModuleFactory.swift in Sources */ = {isa = PBXBuildFile; fileRef = AD2E9A5320A0065200B4BE4D /* ModuleFactory.swift */; };
		AD2E9A5620A0076B00B4BE4D /* AuthCoordinator.swift in Sources */ = {isa = PBXBuildFile; fileRef = AD2E9A5520A0076B00B4BE4D /* AuthCoordinator.swift */; };
		AD2E9A5920A0081E00B4BE4D /* CoordinatorFactory.swift in Sources */ = {isa = PBXBuildFile; fileRef = AD2E9A5820A0081E00B4BE4D /* CoordinatorFactory.swift */; };
		AD2E9A5B20A00E6C00B4BE4D /* CoordinatorFactoryImpl.swift in Sources */ = {isa = PBXBuildFile; fileRef = AD2E9A5A20A00E6C00B4BE4D /* CoordinatorFactoryImpl.swift */; };
		AD2E9A5D20A00F0100B4BE4D /* ApplicationCoordinator.swift in Sources */ = {isa = PBXBuildFile; fileRef = AD2E9A5C20A00F0100B4BE4D /* ApplicationCoordinator.swift */; };
		AD2E9A5F20A0171A00B4BE4D /* AuthViewController.swift in Sources */ = {isa = PBXBuildFile; fileRef = AD2E9A5E20A0171A00B4BE4D /* AuthViewController.swift */; };
		AD2E9A6320A0561100B4BE4D /* Config.swift in Sources */ = {isa = PBXBuildFile; fileRef = AD2E9A6220A0561100B4BE4D /* Config.swift */; };
		AD2E9A6820A188BD00B4BE4D /* TabViewOutput.swift in Sources */ = {isa = PBXBuildFile; fileRef = AD2E9A6720A188BD00B4BE4D /* TabViewOutput.swift */; };
		AD2E9A6C20A18A5000B4BE4D /* TabbarController.swift in Sources */ = {isa = PBXBuildFile; fileRef = AD2E9A6B20A18A5000B4BE4D /* TabbarController.swift */; };
		AD2E9A6E20A18E2900B4BE4D /* TabModuleFactory.swift in Sources */ = {isa = PBXBuildFile; fileRef = AD2E9A6D20A18E2900B4BE4D /* TabModuleFactory.swift */; };
		AD2E9A7020A18EAB00B4BE4D /* TabbarCoordinator.swift in Sources */ = {isa = PBXBuildFile; fileRef = AD2E9A6F20A18EAB00B4BE4D /* TabbarCoordinator.swift */; };
		AD2E9A7320A1948600B4BE4D /* ItemModuleFactory.swift in Sources */ = {isa = PBXBuildFile; fileRef = AD2E9A7220A1948600B4BE4D /* ItemModuleFactory.swift */; };
		AD2E9A7620A194DB00B4BE4D /* ItemListViewOutput.swift in Sources */ = {isa = PBXBuildFile; fileRef = AD2E9A7520A194DB00B4BE4D /* ItemListViewOutput.swift */; };
		AD2E9A7820A195DC00B4BE4D /* ItemListViewController.swift in Sources */ = {isa = PBXBuildFile; fileRef = AD2E9A7720A195DC00B4BE4D /* ItemListViewController.swift */; };
		AD2E9A7C20A1980100B4BE4D /* ItemListTableCell.xib in Resources */ = {isa = PBXBuildFile; fileRef = AD2E9A7A20A1980100B4BE4D /* ItemListTableCell.xib */; };
		AD2E9A7D20A1980100B4BE4D /* ItemListTableCell.swift in Sources */ = {isa = PBXBuildFile; fileRef = AD2E9A7B20A1980100B4BE4D /* ItemListTableCell.swift */; };
		AD2E9A8020A1B06300B4BE4D /* ItemListTableCellModel.swift in Sources */ = {isa = PBXBuildFile; fileRef = AD2E9A7F20A1B06300B4BE4D /* ItemListTableCellModel.swift */; };
		AD2E9A8320A1CCFD00B4BE4D /* Translatable.swift in Sources */ = {isa = PBXBuildFile; fileRef = AD2E9A8220A1CCFD00B4BE4D /* Translatable.swift */; };
		AD2E9A8520A1CD2D00B4BE4D /* ItemListTableCellModelTranslator.swift in Sources */ = {isa = PBXBuildFile; fileRef = AD2E9A8420A1CD2D00B4BE4D /* ItemListTableCellModelTranslator.swift */; };
		AD2E9A8720A1D14200B4BE4D /* ItemCoordinator.swift in Sources */ = {isa = PBXBuildFile; fileRef = AD2E9A8620A1D14200B4BE4D /* ItemCoordinator.swift */; };
		AD2E9A8B20A27BF500B4BE4D /* ProgressPresentableView.swift in Sources */ = {isa = PBXBuildFile; fileRef = AD2E9A8A20A27BF500B4BE4D /* ProgressPresentableView.swift */; };
		AD2E9A8D20A284B200B4BE4D /* ItemDetailViewController.swift in Sources */ = {isa = PBXBuildFile; fileRef = AD2E9A8C20A284B200B4BE4D /* ItemDetailViewController.swift */; };
		AD2E9A9620A287EE00B4BE4D /* ItemDetailHeaderTableCell.swift in Sources */ = {isa = PBXBuildFile; fileRef = AD2E9A9420A287EE00B4BE4D /* ItemDetailHeaderTableCell.swift */; };
		AD2E9A9720A287EE00B4BE4D /* ItemDetailHeaderTableCell.xib in Resources */ = {isa = PBXBuildFile; fileRef = AD2E9A9520A287EE00B4BE4D /* ItemDetailHeaderTableCell.xib */; };
		AD2E9A9A20A28D6500B4BE4D /* ItemDetailWebTableCell.xib in Resources */ = {isa = PBXBuildFile; fileRef = AD2E9A9820A28D6400B4BE4D /* ItemDetailWebTableCell.xib */; };
		AD2E9A9B20A28D6500B4BE4D /* ItemDetailWebTableCell.swift in Sources */ = {isa = PBXBuildFile; fileRef = AD2E9A9920A28D6400B4BE4D /* ItemDetailWebTableCell.swift */; };
		AD2E9A9D20A2C0D400B4BE4D /* ItemHeaderTableCellModel.swift in Sources */ = {isa = PBXBuildFile; fileRef = AD2E9A9C20A2C0D400B4BE4D /* ItemHeaderTableCellModel.swift */; };
		AD2E9A9F20A2C5A000B4BE4D /* ItemContentsTableCellModel.swift in Sources */ = {isa = PBXBuildFile; fileRef = AD2E9A9E20A2C5A000B4BE4D /* ItemContentsTableCellModel.swift */; };
		AD2E9AA120A2CFC100B4BE4D /* ItemHeaderTableCellModelTranslator.swift in Sources */ = {isa = PBXBuildFile; fileRef = AD2E9AA020A2CFC000B4BE4D /* ItemHeaderTableCellModelTranslator.swift */; };
		AD2E9AA320A2D16D00B4BE4D /* ItemContentsTableCellModelTranslator.swift in Sources */ = {isa = PBXBuildFile; fileRef = AD2E9AA220A2D16D00B4BE4D /* ItemContentsTableCellModelTranslator.swift */; };
		AD2E9AA520A3C99200B4BE4D /* ItemDetailViewOutput.swift in Sources */ = {isa = PBXBuildFile; fileRef = AD2E9AA420A3C99200B4BE4D /* ItemDetailViewOutput.swift */; };
		AD2E9AAA20A4063000B4BE4D /* LikeUserListViewOutput.swift in Sources */ = {isa = PBXBuildFile; fileRef = AD2E9AA920A4063000B4BE4D /* LikeUserListViewOutput.swift */; };
		AD2E9AAD20A4069000B4BE4D /* LikeUserListViewController.swift in Sources */ = {isa = PBXBuildFile; fileRef = AD2E9AAC20A4069000B4BE4D /* LikeUserListViewController.swift */; };
		AD2E9AAF20A408B200B4BE4D /* UserListTableCellModel.swift in Sources */ = {isa = PBXBuildFile; fileRef = AD2E9AAE20A408B200B4BE4D /* UserListTableCellModel.swift */; };
		AD2E9AB120A4091300B4BE4D /* UserListTableCellModelTranslator.swift in Sources */ = {isa = PBXBuildFile; fileRef = AD2E9AB020A4091300B4BE4D /* UserListTableCellModelTranslator.swift */; };
		AD2E9AB420A40A2000B4BE4D /* UserListTableCell.xib in Resources */ = {isa = PBXBuildFile; fileRef = AD2E9AB220A40A1F00B4BE4D /* UserListTableCell.xib */; };
		AD2E9AB520A40A2000B4BE4D /* UserListTableCell.swift in Sources */ = {isa = PBXBuildFile; fileRef = AD2E9AB320A40A1F00B4BE4D /* UserListTableCell.swift */; };
		AD2E9AB720A40D9F00B4BE4D /* UserModuleFactory.swift in Sources */ = {isa = PBXBuildFile; fileRef = AD2E9AB620A40D9F00B4BE4D /* UserModuleFactory.swift */; };
		AD2E9AB920A40E7000B4BE4D /* UserCoordinator.swift in Sources */ = {isa = PBXBuildFile; fileRef = AD2E9AB820A40E7000B4BE4D /* UserCoordinator.swift */; };
		AD2E9ABB20A40F5800B4BE4D /* DeepLinkOption.swift in Sources */ = {isa = PBXBuildFile; fileRef = AD2E9ABA20A40F5800B4BE4D /* DeepLinkOption.swift */; };
		F146F278E400B6563DFD3F93 /* Pods_CoordinatorQiitaClient.framework in Frameworks */ = {isa = PBXBuildFile; fileRef = 76233FD426DE3948275D71E3 /* Pods_CoordinatorQiitaClient.framework */; };
/* End PBXBuildFile section */

/* Begin PBXContainerItemProxy section */
		AD2E99CF209988DB00B4BE4D /* PBXContainerItemProxy */ = {
			isa = PBXContainerItemProxy;
			containerPortal = AD2E99B2209988D800B4BE4D /* Project object */;
			proxyType = 1;
			remoteGlobalIDString = AD2E99B9209988D800B4BE4D;
			remoteInfo = CoordinatorQiitaClient;
		};
/* End PBXContainerItemProxy section */

/* Begin PBXFileReference section */
		76233FD426DE3948275D71E3 /* Pods_CoordinatorQiitaClient.framework */ = {isa = PBXFileReference; explicitFileType = wrapper.framework; includeInIndex = 0; path = Pods_CoordinatorQiitaClient.framework; sourceTree = BUILT_PRODUCTS_DIR; };
		AD2E99BA209988D800B4BE4D /* CoordinatorQiitaClient.app */ = {isa = PBXFileReference; explicitFileType = wrapper.application; includeInIndex = 0; path = CoordinatorQiitaClient.app; sourceTree = BUILT_PRODUCTS_DIR; };
		AD2E99BD209988D800B4BE4D /* AppDelegate.swift */ = {isa = PBXFileReference; lastKnownFileType = sourcecode.swift; path = AppDelegate.swift; sourceTree = "<group>"; };
		AD2E99BF209988D800B4BE4D /* ViewController.swift */ = {isa = PBXFileReference; lastKnownFileType = sourcecode.swift; path = ViewController.swift; sourceTree = "<group>"; };
		AD2E99C2209988D800B4BE4D /* Base */ = {isa = PBXFileReference; lastKnownFileType = file.storyboard; name = Base; path = Base.lproj/Main.storyboard; sourceTree = "<group>"; };
		AD2E99C4209988DB00B4BE4D /* Assets.xcassets */ = {isa = PBXFileReference; lastKnownFileType = folder.assetcatalog; path = Assets.xcassets; sourceTree = "<group>"; };
		AD2E99C7209988DB00B4BE4D /* Base */ = {isa = PBXFileReference; lastKnownFileType = file.storyboard; name = Base; path = Base.lproj/LaunchScreen.storyboard; sourceTree = "<group>"; };
		AD2E99C9209988DB00B4BE4D /* Info.plist */ = {isa = PBXFileReference; lastKnownFileType = text.plist.xml; path = Info.plist; sourceTree = "<group>"; };
		AD2E99CE209988DB00B4BE4D /* CoordinatorQiitaClientTests.xctest */ = {isa = PBXFileReference; explicitFileType = wrapper.cfbundle; includeInIndex = 0; path = CoordinatorQiitaClientTests.xctest; sourceTree = BUILT_PRODUCTS_DIR; };
		AD2E99D2209988DB00B4BE4D /* CoordinatorQiitaClientTests.swift */ = {isa = PBXFileReference; lastKnownFileType = sourcecode.swift; path = CoordinatorQiitaClientTests.swift; sourceTree = "<group>"; };
		AD2E99D4209988DB00B4BE4D /* Info.plist */ = {isa = PBXFileReference; lastKnownFileType = text.plist.xml; path = Info.plist; sourceTree = "<group>"; };
		AD2E99DF209C6A3A00B4BE4D /* User.swift */ = {isa = PBXFileReference; lastKnownFileType = sourcecode.swift; path = User.swift; sourceTree = "<group>"; };
		AD2E99F5209CB1A700B4BE4D /* APIs.swift */ = {isa = PBXFileReference; fileEncoding = 4; lastKnownFileType = sourcecode.swift; path = APIs.swift; sourceTree = "<group>"; };
		AD2E99F6209CB1A700B4BE4D /* Extensions.swift */ = {isa = PBXFileReference; fileEncoding = 4; lastKnownFileType = sourcecode.swift; path = Extensions.swift; sourceTree = "<group>"; };
		AD2E99F7209CB1A700B4BE4D /* AlamofireImplementations.swift */ = {isa = PBXFileReference; fileEncoding = 4; lastKnownFileType = sourcecode.swift; path = AlamofireImplementations.swift; sourceTree = "<group>"; };
		AD2E99F8209CB1A700B4BE4D /* Models.swift */ = {isa = PBXFileReference; fileEncoding = 4; lastKnownFileType = sourcecode.swift; path = Models.swift; sourceTree = "<group>"; };
		AD2E99F9209CB1A700B4BE4D /* CodableHelper.swift */ = {isa = PBXFileReference; fileEncoding = 4; lastKnownFileType = sourcecode.swift; path = CodableHelper.swift; sourceTree = "<group>"; };
		AD2E99FA209CB1A700B4BE4D /* JSONEncodableEncoding.swift */ = {isa = PBXFileReference; fileEncoding = 4; lastKnownFileType = sourcecode.swift; path = JSONEncodableEncoding.swift; sourceTree = "<group>"; };
		AD2E99FB209CB1A700B4BE4D /* Configuration.swift */ = {isa = PBXFileReference; fileEncoding = 4; lastKnownFileType = sourcecode.swift; path = Configuration.swift; sourceTree = "<group>"; };
		AD2E99FC209CB1A700B4BE4D /* JSONEncodingHelper.swift */ = {isa = PBXFileReference; fileEncoding = 4; lastKnownFileType = sourcecode.swift; path = JSONEncodingHelper.swift; sourceTree = "<group>"; };
		AD2E99FD209CB1A700B4BE4D /* APIHelper.swift */ = {isa = PBXFileReference; fileEncoding = 4; lastKnownFileType = sourcecode.swift; path = APIHelper.swift; sourceTree = "<group>"; };
		AD2E9A07209CB86800B4BE4D /* Tag.swift */ = {isa = PBXFileReference; lastKnownFileType = sourcecode.swift; path = Tag.swift; sourceTree = "<group>"; };
		AD2E9A09209CB8B000B4BE4D /* Item.swift */ = {isa = PBXFileReference; lastKnownFileType = sourcecode.swift; path = Item.swift; sourceTree = "<group>"; };
		AD2E9A0C209CBA5D00B4BE4D /* ItemAPI.swift */ = {isa = PBXFileReference; lastKnownFileType = sourcecode.swift; path = ItemAPI.swift; sourceTree = "<group>"; };
		AD2E9A0E209CC11000B4BE4D /* LikeUser.swift */ = {isa = PBXFileReference; lastKnownFileType = sourcecode.swift; path = LikeUser.swift; sourceTree = "<group>"; };
		AD2E9A10209CC4C100B4BE4D /* AuthenticationInfo.swift */ = {isa = PBXFileReference; lastKnownFileType = sourcecode.swift; path = AuthenticationInfo.swift; sourceTree = "<group>"; };
		AD2E9A12209CC59900B4BE4D /* AuthAPI.swift */ = {isa = PBXFileReference; lastKnownFileType = sourcecode.swift; path = AuthAPI.swift; sourceTree = "<group>"; };
		AD2E9A14209CC7C000B4BE4D /* UserAPI.swift */ = {isa = PBXFileReference; lastKnownFileType = sourcecode.swift; path = UserAPI.swift; sourceTree = "<group>"; };
		AD2E9A16209F0CA800B4BE4D /* TagAPI.swift */ = {isa = PBXFileReference; lastKnownFileType = sourcecode.swift; path = TagAPI.swift; sourceTree = "<group>"; };
		AD2E9A1A209FECF100B4BE4D /* LikeUserAPI.swift */ = {isa = PBXFileReference; lastKnownFileType = sourcecode.swift; path = LikeUserAPI.swift; sourceTree = "<group>"; };
		AD2E9A1D209FF17E00B4BE4D /* NSObject+Ex.swift */ = {isa = PBXFileReference; lastKnownFileType = sourcecode.swift; path = "NSObject+Ex.swift"; sourceTree = "<group>"; };
		AD2E9A1F209FF19D00B4BE4D /* UITableView+Ex.swift */ = {isa = PBXFileReference; lastKnownFileType = sourcecode.swift; path = "UITableView+Ex.swift"; sourceTree = "<group>"; };
		AD2E9A21209FF1BC00B4BE4D /* UICollectionView+Ex.swift */ = {isa = PBXFileReference; lastKnownFileType = sourcecode.swift; path = "UICollectionView+Ex.swift"; sourceTree = "<group>"; };
		AD2E9A23209FF1FB00B4BE4D /* NibInstantiatable.swift */ = {isa = PBXFileReference; lastKnownFileType = sourcecode.swift; path = NibInstantiatable.swift; sourceTree = "<group>"; };
		AD2E9A25209FF22600B4BE4D /* StoryboardInstantiatable.swift */ = {isa = PBXFileReference; lastKnownFileType = sourcecode.swift; path = StoryboardInstantiatable.swift; sourceTree = "<group>"; };
		AD2E9A27209FF24F00B4BE4D /* URLRequest+Ex.swift */ = {isa = PBXFileReference; lastKnownFileType = sourcecode.swift; path = "URLRequest+Ex.swift"; sourceTree = "<group>"; };
		AD2E9A29209FF27200B4BE4D /* Sequence+Ex.swift */ = {isa = PBXFileReference; lastKnownFileType = sourcecode.swift; path = "Sequence+Ex.swift"; sourceTree = "<group>"; };
		AD2E9A2B209FF2AB00B4BE4D /* UserDefaults+Ex.swift */ = {isa = PBXFileReference; lastKnownFileType = sourcecode.swift; path = "UserDefaults+Ex.swift"; sourceTree = "<group>"; };
		AD2E9A2E209FF62500B4BE4D /* BaseCoordinator.swift */ = {isa = PBXFileReference; lastKnownFileType = sourcecode.swift; path = BaseCoordinator.swift; sourceTree = "<group>"; };
		AD2E9A30209FF63700B4BE4D /* Coordinator.swift */ = {isa = PBXFileReference; lastKnownFileType = sourcecode.swift; path = Coordinator.swift; sourceTree = "<group>"; };
		AD2E9A32209FF6A600B4BE4D /* CoordinatorFinishFlowType.swift */ = {isa = PBXFileReference; lastKnownFileType = sourcecode.swift; path = CoordinatorFinishFlowType.swift; sourceTree = "<group>"; };
		AD2E9A35209FF71500B4BE4D /* Presentable.swift */ = {isa = PBXFileReference; lastKnownFileType = sourcecode.swift; path = Presentable.swift; sourceTree = "<group>"; };
		AD2E9A37209FF73F00B4BE4D /* Router.swift */ = {isa = PBXFileReference; lastKnownFileType = sourcecode.swift; path = Router.swift; sourceTree = "<group>"; };
		AD2E9A39209FF76600B4BE4D /* RouterImpl.swift */ = {isa = PBXFileReference; lastKnownFileType = sourcecode.swift; path = RouterImpl.swift; sourceTree = "<group>"; };
		AD2E9A41209FFC0A00B4BE4D /* BaseView.swift */ = {isa = PBXFileReference; lastKnownFileType = sourcecode.swift; path = BaseView.swift; sourceTree = "<group>"; };
		AD2E9A43209FFC5F00B4BE4D /* LoginViewOutput.swift */ = {isa = PBXFileReference; lastKnownFileType = sourcecode.swift; path = LoginViewOutput.swift; sourceTree = "<group>"; };
		AD2E9A4B209FFFCB00B4BE4D /* LoginView.swift */ = {isa = PBXFileReference; lastKnownFileType = sourcecode.swift; path = LoginView.swift; sourceTree = "<group>"; };
		AD2E9A4D209FFFDD00B4BE4D /* LoginView.xib */ = {isa = PBXFileReference; lastKnownFileType = file.xib; path = LoginView.xib; sourceTree = "<group>"; };
		AD2E9A5120A0061800B4BE4D /* AuthModuleFactory.swift */ = {isa = PBXFileReference; lastKnownFileType = sourcecode.swift; path = AuthModuleFactory.swift; sourceTree = "<group>"; };
		AD2E9A5320A0065200B4BE4D /* ModuleFactory.swift */ = {isa = PBXFileReference; lastKnownFileType = sourcecode.swift; path = ModuleFactory.swift; sourceTree = "<group>"; };
		AD2E9A5520A0076B00B4BE4D /* AuthCoordinator.swift */ = {isa = PBXFileReference; lastKnownFileType = sourcecode.swift; path = AuthCoordinator.swift; sourceTree = "<group>"; };
		AD2E9A5820A0081E00B4BE4D /* CoordinatorFactory.swift */ = {isa = PBXFileReference; lastKnownFileType = sourcecode.swift; path = CoordinatorFactory.swift; sourceTree = "<group>"; };
		AD2E9A5A20A00E6C00B4BE4D /* CoordinatorFactoryImpl.swift */ = {isa = PBXFileReference; lastKnownFileType = sourcecode.swift; path = CoordinatorFactoryImpl.swift; sourceTree = "<group>"; };
		AD2E9A5C20A00F0100B4BE4D /* ApplicationCoordinator.swift */ = {isa = PBXFileReference; lastKnownFileType = sourcecode.swift; path = ApplicationCoordinator.swift; sourceTree = "<group>"; };
		AD2E9A5E20A0171A00B4BE4D /* AuthViewController.swift */ = {isa = PBXFileReference; lastKnownFileType = sourcecode.swift; path = AuthViewController.swift; sourceTree = "<group>"; };
		AD2E9A6220A0561100B4BE4D /* Config.swift */ = {isa = PBXFileReference; lastKnownFileType = sourcecode.swift; path = Config.swift; sourceTree = "<group>"; };
		AD2E9A6720A188BD00B4BE4D /* TabViewOutput.swift */ = {isa = PBXFileReference; lastKnownFileType = sourcecode.swift; path = TabViewOutput.swift; sourceTree = "<group>"; };
		AD2E9A6B20A18A5000B4BE4D /* TabbarController.swift */ = {isa = PBXFileReference; lastKnownFileType = sourcecode.swift; path = TabbarController.swift; sourceTree = "<group>"; };
		AD2E9A6D20A18E2900B4BE4D /* TabModuleFactory.swift */ = {isa = PBXFileReference; lastKnownFileType = sourcecode.swift; path = TabModuleFactory.swift; sourceTree = "<group>"; };
		AD2E9A6F20A18EAB00B4BE4D /* TabbarCoordinator.swift */ = {isa = PBXFileReference; lastKnownFileType = sourcecode.swift; path = TabbarCoordinator.swift; sourceTree = "<group>"; };
		AD2E9A7220A1948600B4BE4D /* ItemModuleFactory.swift */ = {isa = PBXFileReference; lastKnownFileType = sourcecode.swift; path = ItemModuleFactory.swift; sourceTree = "<group>"; };
		AD2E9A7520A194DB00B4BE4D /* ItemListViewOutput.swift */ = {isa = PBXFileReference; lastKnownFileType = sourcecode.swift; path = ItemListViewOutput.swift; sourceTree = "<group>"; };
		AD2E9A7720A195DC00B4BE4D /* ItemListViewController.swift */ = {isa = PBXFileReference; lastKnownFileType = sourcecode.swift; path = ItemListViewController.swift; sourceTree = "<group>"; };
		AD2E9A7A20A1980100B4BE4D /* ItemListTableCell.xib */ = {isa = PBXFileReference; fileEncoding = 4; lastKnownFileType = file.xib; path = ItemListTableCell.xib; sourceTree = "<group>"; };
		AD2E9A7B20A1980100B4BE4D /* ItemListTableCell.swift */ = {isa = PBXFileReference; fileEncoding = 4; lastKnownFileType = sourcecode.swift; path = ItemListTableCell.swift; sourceTree = "<group>"; };
		AD2E9A7F20A1B06300B4BE4D /* ItemListTableCellModel.swift */ = {isa = PBXFileReference; lastKnownFileType = sourcecode.swift; path = ItemListTableCellModel.swift; sourceTree = "<group>"; };
		AD2E9A8220A1CCFD00B4BE4D /* Translatable.swift */ = {isa = PBXFileReference; lastKnownFileType = sourcecode.swift; path = Translatable.swift; sourceTree = "<group>"; };
		AD2E9A8420A1CD2D00B4BE4D /* ItemListTableCellModelTranslator.swift */ = {isa = PBXFileReference; lastKnownFileType = sourcecode.swift; path = ItemListTableCellModelTranslator.swift; sourceTree = "<group>"; };
		AD2E9A8620A1D14200B4BE4D /* ItemCoordinator.swift */ = {isa = PBXFileReference; lastKnownFileType = sourcecode.swift; path = ItemCoordinator.swift; sourceTree = "<group>"; };
		AD2E9A8A20A27BF500B4BE4D /* ProgressPresentableView.swift */ = {isa = PBXFileReference; lastKnownFileType = sourcecode.swift; path = ProgressPresentableView.swift; sourceTree = "<group>"; };
		AD2E9A8C20A284B200B4BE4D /* ItemDetailViewController.swift */ = {isa = PBXFileReference; lastKnownFileType = sourcecode.swift; path = ItemDetailViewController.swift; sourceTree = "<group>"; };
		AD2E9A9420A287EE00B4BE4D /* ItemDetailHeaderTableCell.swift */ = {isa = PBXFileReference; fileEncoding = 4; lastKnownFileType = sourcecode.swift; path = ItemDetailHeaderTableCell.swift; sourceTree = "<group>"; };
		AD2E9A9520A287EE00B4BE4D /* ItemDetailHeaderTableCell.xib */ = {isa = PBXFileReference; fileEncoding = 4; lastKnownFileType = file.xib; path = ItemDetailHeaderTableCell.xib; sourceTree = "<group>"; };
		AD2E9A9820A28D6400B4BE4D /* ItemDetailWebTableCell.xib */ = {isa = PBXFileReference; fileEncoding = 4; lastKnownFileType = file.xib; path = ItemDetailWebTableCell.xib; sourceTree = "<group>"; };
		AD2E9A9920A28D6400B4BE4D /* ItemDetailWebTableCell.swift */ = {isa = PBXFileReference; fileEncoding = 4; lastKnownFileType = sourcecode.swift; path = ItemDetailWebTableCell.swift; sourceTree = "<group>"; };
		AD2E9A9C20A2C0D400B4BE4D /* ItemHeaderTableCellModel.swift */ = {isa = PBXFileReference; lastKnownFileType = sourcecode.swift; path = ItemHeaderTableCellModel.swift; sourceTree = "<group>"; };
		AD2E9A9E20A2C5A000B4BE4D /* ItemContentsTableCellModel.swift */ = {isa = PBXFileReference; lastKnownFileType = sourcecode.swift; path = ItemContentsTableCellModel.swift; sourceTree = "<group>"; };
		AD2E9AA020A2CFC000B4BE4D /* ItemHeaderTableCellModelTranslator.swift */ = {isa = PBXFileReference; lastKnownFileType = sourcecode.swift; path = ItemHeaderTableCellModelTranslator.swift; sourceTree = "<group>"; };
		AD2E9AA220A2D16D00B4BE4D /* ItemContentsTableCellModelTranslator.swift */ = {isa = PBXFileReference; lastKnownFileType = sourcecode.swift; path = ItemContentsTableCellModelTranslator.swift; sourceTree = "<group>"; };
		AD2E9AA420A3C99200B4BE4D /* ItemDetailViewOutput.swift */ = {isa = PBXFileReference; lastKnownFileType = sourcecode.swift; path = ItemDetailViewOutput.swift; sourceTree = "<group>"; };
		AD2E9AA920A4063000B4BE4D /* LikeUserListViewOutput.swift */ = {isa = PBXFileReference; lastKnownFileType = sourcecode.swift; path = LikeUserListViewOutput.swift; sourceTree = "<group>"; };
		AD2E9AAC20A4069000B4BE4D /* LikeUserListViewController.swift */ = {isa = PBXFileReference; lastKnownFileType = sourcecode.swift; path = LikeUserListViewController.swift; sourceTree = "<group>"; };
		AD2E9AAE20A408B200B4BE4D /* UserListTableCellModel.swift */ = {isa = PBXFileReference; lastKnownFileType = sourcecode.swift; path = UserListTableCellModel.swift; sourceTree = "<group>"; };
		AD2E9AB020A4091300B4BE4D /* UserListTableCellModelTranslator.swift */ = {isa = PBXFileReference; lastKnownFileType = sourcecode.swift; path = UserListTableCellModelTranslator.swift; sourceTree = "<group>"; };
		AD2E9AB220A40A1F00B4BE4D /* UserListTableCell.xib */ = {isa = PBXFileReference; fileEncoding = 4; lastKnownFileType = file.xib; path = UserListTableCell.xib; sourceTree = "<group>"; };
		AD2E9AB320A40A1F00B4BE4D /* UserListTableCell.swift */ = {isa = PBXFileReference; fileEncoding = 4; lastKnownFileType = sourcecode.swift; path = UserListTableCell.swift; sourceTree = "<group>"; };
		AD2E9AB620A40D9F00B4BE4D /* UserModuleFactory.swift */ = {isa = PBXFileReference; lastKnownFileType = sourcecode.swift; path = UserModuleFactory.swift; sourceTree = "<group>"; };
		AD2E9AB820A40E7000B4BE4D /* UserCoordinator.swift */ = {isa = PBXFileReference; lastKnownFileType = sourcecode.swift; path = UserCoordinator.swift; sourceTree = "<group>"; };
		AD2E9ABA20A40F5800B4BE4D /* DeepLinkOption.swift */ = {isa = PBXFileReference; lastKnownFileType = sourcecode.swift; path = DeepLinkOption.swift; sourceTree = "<group>"; };
		BF31CE512A64B9E1199D1554 /* Pods-CoordinatorQiitaClient.release.xcconfig */ = {isa = PBXFileReference; includeInIndex = 1; lastKnownFileType = text.xcconfig; name = "Pods-CoordinatorQiitaClient.release.xcconfig"; path = "Pods/Target Support Files/Pods-CoordinatorQiitaClient/Pods-CoordinatorQiitaClient.release.xcconfig"; sourceTree = "<group>"; };
		E18EDF9AA0FBD11844B97B06 /* Pods-CoordinatorQiitaClient.debug.xcconfig */ = {isa = PBXFileReference; includeInIndex = 1; lastKnownFileType = text.xcconfig; name = "Pods-CoordinatorQiitaClient.debug.xcconfig"; path = "Pods/Target Support Files/Pods-CoordinatorQiitaClient/Pods-CoordinatorQiitaClient.debug.xcconfig"; sourceTree = "<group>"; };
/* End PBXFileReference section */

/* Begin PBXFrameworksBuildPhase section */
		AD2E99B7209988D800B4BE4D /* Frameworks */ = {
			isa = PBXFrameworksBuildPhase;
			buildActionMask = 2147483647;
			files = (
				F146F278E400B6563DFD3F93 /* Pods_CoordinatorQiitaClient.framework in Frameworks */,
			);
			runOnlyForDeploymentPostprocessing = 0;
		};
		AD2E99CB209988DB00B4BE4D /* Frameworks */ = {
			isa = PBXFrameworksBuildPhase;
			buildActionMask = 2147483647;
			files = (
			);
			runOnlyForDeploymentPostprocessing = 0;
		};
/* End PBXFrameworksBuildPhase section */

/* Begin PBXGroup section */
		AA4EEE8E236FE0CEA47BE99B /* Frameworks */ = {
			isa = PBXGroup;
			children = (
				76233FD426DE3948275D71E3 /* Pods_CoordinatorQiitaClient.framework */,
			);
			name = Frameworks;
			sourceTree = "<group>";
		};
		AD2E99B1209988D800B4BE4D = {
			isa = PBXGroup;
			children = (
				AD2E99BC209988D800B4BE4D /* CoordinatorQiitaClient */,
				AD2E99D1209988DB00B4BE4D /* CoordinatorQiitaClientTests */,
				AD2E99BB209988D800B4BE4D /* Products */,
				D846FC480BB7DD7E1D240E6C /* Pods */,
				AA4EEE8E236FE0CEA47BE99B /* Frameworks */,
			);
			sourceTree = "<group>";
		};
		AD2E99BB209988D800B4BE4D /* Products */ = {
			isa = PBXGroup;
			children = (
				AD2E99BA209988D800B4BE4D /* CoordinatorQiitaClient.app */,
				AD2E99CE209988DB00B4BE4D /* CoordinatorQiitaClientTests.xctest */,
			);
			name = Products;
			sourceTree = "<group>";
		};
		AD2E99BC209988D800B4BE4D /* CoordinatorQiitaClient */ = {
			isa = PBXGroup;
			children = (
				AD2E9A4A209FFFAF00B4BE4D /* View */,
				AD2E9A45209FFD6D00B4BE4D /* Controller */,
				AD2E9A2D209FF60900B4BE4D /* Coordinator */,
				AD2E9A1C209FF16300B4BE4D /* Extension */,
				AD2E99DD209C67F500B4BE4D /* Model */,
				AD2E99BD209988D800B4BE4D /* AppDelegate.swift */,
				AD2E99BF209988D800B4BE4D /* ViewController.swift */,
				AD2E99C1209988D800B4BE4D /* Main.storyboard */,
				AD2E99C4209988DB00B4BE4D /* Assets.xcassets */,
				AD2E99C6209988DB00B4BE4D /* LaunchScreen.storyboard */,
				AD2E99C9209988DB00B4BE4D /* Info.plist */,
			);
			path = CoordinatorQiitaClient;
			sourceTree = "<group>";
		};
		AD2E99D1209988DB00B4BE4D /* CoordinatorQiitaClientTests */ = {
			isa = PBXGroup;
			children = (
				AD2E99D2209988DB00B4BE4D /* CoordinatorQiitaClientTests.swift */,
				AD2E99D4209988DB00B4BE4D /* Info.plist */,
			);
			path = CoordinatorQiitaClientTests;
			sourceTree = "<group>";
		};
		AD2E99DD209C67F500B4BE4D /* Model */ = {
			isa = PBXGroup;
			children = (
				AD2E9A8120A1CCA300B4BE4D /* Translator */,
				AD2E9A7E20A1B04600B4BE4D /* ViewModel */,
				AD2E99DE209C68B100B4BE4D /* SwaggersAPI */,
				AD2E9A6220A0561100B4BE4D /* Config.swift */,
			);
			path = Model;
			sourceTree = "<group>";
		};
		AD2E99DE209C68B100B4BE4D /* SwaggersAPI */ = {
			isa = PBXGroup;
			children = (
				AD2E9A0B209CBA4F00B4BE4D /* APIs */,
				AD2E99F7209CB1A700B4BE4D /* AlamofireImplementations.swift */,
				AD2E99FD209CB1A700B4BE4D /* APIHelper.swift */,
				AD2E99F5209CB1A700B4BE4D /* APIs.swift */,
				AD2E99F9209CB1A700B4BE4D /* CodableHelper.swift */,
				AD2E99FB209CB1A700B4BE4D /* Configuration.swift */,
				AD2E99F6209CB1A700B4BE4D /* Extensions.swift */,
				AD2E99FA209CB1A700B4BE4D /* JSONEncodableEncoding.swift */,
				AD2E99FC209CB1A700B4BE4D /* JSONEncodingHelper.swift */,
				AD2E99F8209CB1A700B4BE4D /* Models.swift */,
				AD2E99E1209C6C4E00B4BE4D /* Models */,
			);
			path = SwaggersAPI;
			sourceTree = "<group>";
		};
		AD2E99E1209C6C4E00B4BE4D /* Models */ = {
			isa = PBXGroup;
			children = (
				AD2E99DF209C6A3A00B4BE4D /* User.swift */,
				AD2E9A07209CB86800B4BE4D /* Tag.swift */,
				AD2E9A09209CB8B000B4BE4D /* Item.swift */,
				AD2E9A0E209CC11000B4BE4D /* LikeUser.swift */,
				AD2E9A10209CC4C100B4BE4D /* AuthenticationInfo.swift */,
			);
			path = Models;
			sourceTree = "<group>";
		};
		AD2E9A0B209CBA4F00B4BE4D /* APIs */ = {
			isa = PBXGroup;
			children = (
				AD2E9A0C209CBA5D00B4BE4D /* ItemAPI.swift */,
				AD2E9A12209CC59900B4BE4D /* AuthAPI.swift */,
				AD2E9A14209CC7C000B4BE4D /* UserAPI.swift */,
				AD2E9A16209F0CA800B4BE4D /* TagAPI.swift */,
				AD2E9A1A209FECF100B4BE4D /* LikeUserAPI.swift */,
			);
			path = APIs;
			sourceTree = "<group>";
		};
		AD2E9A1C209FF16300B4BE4D /* Extension */ = {
			isa = PBXGroup;
			children = (
				AD2E9A1D209FF17E00B4BE4D /* NSObject+Ex.swift */,
				AD2E9A1F209FF19D00B4BE4D /* UITableView+Ex.swift */,
				AD2E9A21209FF1BC00B4BE4D /* UICollectionView+Ex.swift */,
				AD2E9A23209FF1FB00B4BE4D /* NibInstantiatable.swift */,
				AD2E9A25209FF22600B4BE4D /* StoryboardInstantiatable.swift */,
				AD2E9A27209FF24F00B4BE4D /* URLRequest+Ex.swift */,
				AD2E9A29209FF27200B4BE4D /* Sequence+Ex.swift */,
				AD2E9A2B209FF2AB00B4BE4D /* UserDefaults+Ex.swift */,
			);
			path = Extension;
			sourceTree = "<group>";
		};
		AD2E9A2D209FF60900B4BE4D /* Coordinator */ = {
			isa = PBXGroup;
			children = (
				AD2E9A4F20A005FB00B4BE4D /* Factory */,
				AD2E9A3B209FFB2500B4BE4D /* Flows */,
				AD2E9A34209FF6FF00B4BE4D /* Router */,
				AD2E9A2E209FF62500B4BE4D /* BaseCoordinator.swift */,
				AD2E9A30209FF63700B4BE4D /* Coordinator.swift */,
				AD2E9A32209FF6A600B4BE4D /* CoordinatorFinishFlowType.swift */,
				AD2E9A5C20A00F0100B4BE4D /* ApplicationCoordinator.swift */,
			);
			path = Coordinator;
			sourceTree = "<group>";
		};
		AD2E9A34209FF6FF00B4BE4D /* Router */ = {
			isa = PBXGroup;
			children = (
				AD2E9A35209FF71500B4BE4D /* Presentable.swift */,
				AD2E9A37209FF73F00B4BE4D /* Router.swift */,
				AD2E9A39209FF76600B4BE4D /* RouterImpl.swift */,
				AD2E9ABA20A40F5800B4BE4D /* DeepLinkOption.swift */,
			);
			path = Router;
			sourceTree = "<group>";
		};
		AD2E9A3B209FFB2500B4BE4D /* Flows */ = {
			isa = PBXGroup;
			children = (
				AD2E9A6620A1886A00B4BE4D /* ServiceFlow */,
				AD2E9A3E209FFB4400B4BE4D /* LoginFlow */,
				AD2E9A41209FFC0A00B4BE4D /* BaseView.swift */,
			);
			path = Flows;
			sourceTree = "<group>";
		};
		AD2E9A3E209FFB4400B4BE4D /* LoginFlow */ = {
			isa = PBXGroup;
			children = (
				AD2E9A43209FFC5F00B4BE4D /* LoginViewOutput.swift */,
				AD2E9A5520A0076B00B4BE4D /* AuthCoordinator.swift */,
			);
			path = LoginFlow;
			sourceTree = "<group>";
		};
		AD2E9A45209FFD6D00B4BE4D /* Controller */ = {
			isa = PBXGroup;
			children = (
				AD2E9AAB20A4067200B4BE4D /* User */,
				AD2E9A8920A27BE200B4BE4D /* Protocol */,
				AD2E9A7120A1946C00B4BE4D /* Item */,
				AD2E9A6A20A18A0200B4BE4D /* Mypage */,
				AD2E9A6920A189E900B4BE4D /* Auth */,
				AD2E9A6B20A18A5000B4BE4D /* TabbarController.swift */,
			);
			path = Controller;
			sourceTree = "<group>";
		};
		AD2E9A4A209FFFAF00B4BE4D /* View */ = {
			isa = PBXGroup;
			children = (
				AD2E9A7920A197F200B4BE4D /* TableViewCell */,
				AD2E9A4B209FFFCB00B4BE4D /* LoginView.swift */,
				AD2E9A4D209FFFDD00B4BE4D /* LoginView.xib */,
			);
			path = View;
			sourceTree = "<group>";
		};
		AD2E9A4F20A005FB00B4BE4D /* Factory */ = {
			isa = PBXGroup;
			children = (
				AD2E9A5720A0081000B4BE4D /* Coordinator */,
				AD2E9A5020A0060500B4BE4D /* Module */,
			);
			path = Factory;
			sourceTree = "<group>";
		};
		AD2E9A5020A0060500B4BE4D /* Module */ = {
			isa = PBXGroup;
			children = (
				AD2E9A5120A0061800B4BE4D /* AuthModuleFactory.swift */,
				AD2E9A6D20A18E2900B4BE4D /* TabModuleFactory.swift */,
				AD2E9A5320A0065200B4BE4D /* ModuleFactory.swift */,
				AD2E9A7220A1948600B4BE4D /* ItemModuleFactory.swift */,
				AD2E9AB620A40D9F00B4BE4D /* UserModuleFactory.swift */,
			);
			path = Module;
			sourceTree = "<group>";
		};
		AD2E9A5720A0081000B4BE4D /* Coordinator */ = {
			isa = PBXGroup;
			children = (
				AD2E9A5820A0081E00B4BE4D /* CoordinatorFactory.swift */,
				AD2E9A5A20A00E6C00B4BE4D /* CoordinatorFactoryImpl.swift */,
			);
			path = Coordinator;
			sourceTree = "<group>";
		};
		AD2E9A6620A1886A00B4BE4D /* ServiceFlow */ = {
			isa = PBXGroup;
			children = (
				AD2E9AA820A4061700B4BE4D /* UserFlow */,
				AD2E9A7420A194C800B4BE4D /* ItemFlow */,
				AD2E9A6720A188BD00B4BE4D /* TabViewOutput.swift */,
				AD2E9A6F20A18EAB00B4BE4D /* TabbarCoordinator.swift */,
			);
			path = ServiceFlow;
			sourceTree = "<group>";
		};
		AD2E9A6920A189E900B4BE4D /* Auth */ = {
			isa = PBXGroup;
			children = (
				AD2E9A5E20A0171A00B4BE4D /* AuthViewController.swift */,
			);
			path = Auth;
			sourceTree = "<group>";
		};
		AD2E9A6A20A18A0200B4BE4D /* Mypage */ = {
			isa = PBXGroup;
			children = (
			);
			path = Mypage;
			sourceTree = "<group>";
		};
		AD2E9A7120A1946C00B4BE4D /* Item */ = {
			isa = PBXGroup;
			children = (
				AD2E9A7720A195DC00B4BE4D /* ItemListViewController.swift */,
				AD2E9A8C20A284B200B4BE4D /* ItemDetailViewController.swift */,
			);
			path = Item;
			sourceTree = "<group>";
		};
		AD2E9A7420A194C800B4BE4D /* ItemFlow */ = {
			isa = PBXGroup;
			children = (
				AD2E9A7520A194DB00B4BE4D /* ItemListViewOutput.swift */,
				AD2E9AA420A3C99200B4BE4D /* ItemDetailViewOutput.swift */,
				AD2E9A8620A1D14200B4BE4D /* ItemCoordinator.swift */,
			);
			path = ItemFlow;
			sourceTree = "<group>";
		};
		AD2E9A7920A197F200B4BE4D /* TableViewCell */ = {
			isa = PBXGroup;
			children = (
				AD2E9AB320A40A1F00B4BE4D /* UserListTableCell.swift */,
				AD2E9AB220A40A1F00B4BE4D /* UserListTableCell.xib */,
				AD2E9A9420A287EE00B4BE4D /* ItemDetailHeaderTableCell.swift */,
				AD2E9A9520A287EE00B4BE4D /* ItemDetailHeaderTableCell.xib */,
				AD2E9A9920A28D6400B4BE4D /* ItemDetailWebTableCell.swift */,
				AD2E9A9820A28D6400B4BE4D /* ItemDetailWebTableCell.xib */,
				AD2E9A7B20A1980100B4BE4D /* ItemListTableCell.swift */,
				AD2E9A7A20A1980100B4BE4D /* ItemListTableCell.xib */,
			);
			path = TableViewCell;
			sourceTree = "<group>";
		};
		AD2E9A7E20A1B04600B4BE4D /* ViewModel */ = {
			isa = PBXGroup;
			children = (
				AD2E9A7F20A1B06300B4BE4D /* ItemListTableCellModel.swift */,
				AD2E9A9C20A2C0D400B4BE4D /* ItemHeaderTableCellModel.swift */,
				AD2E9A9E20A2C5A000B4BE4D /* ItemContentsTableCellModel.swift */,
				AD2E9AAE20A408B200B4BE4D /* UserListTableCellModel.swift */,
			);
			path = ViewModel;
			sourceTree = "<group>";
		};
		AD2E9A8120A1CCA300B4BE4D /* Translator */ = {
			isa = PBXGroup;
			children = (
				AD2E9A8220A1CCFD00B4BE4D /* Translatable.swift */,
				AD2E9A8420A1CD2D00B4BE4D /* ItemListTableCellModelTranslator.swift */,
				AD2E9AA020A2CFC000B4BE4D /* ItemHeaderTableCellModelTranslator.swift */,
				AD2E9AA220A2D16D00B4BE4D /* ItemContentsTableCellModelTranslator.swift */,
				AD2E9AB020A4091300B4BE4D /* UserListTableCellModelTranslator.swift */,
			);
			path = Translator;
			sourceTree = "<group>";
		};
		AD2E9A8920A27BE200B4BE4D /* Protocol */ = {
			isa = PBXGroup;
			children = (
				AD2E9A8A20A27BF500B4BE4D /* ProgressPresentableView.swift */,
			);
			path = Protocol;
			sourceTree = "<group>";
		};
		AD2E9AA820A4061700B4BE4D /* UserFlow */ = {
			isa = PBXGroup;
			children = (
				AD2E9AA920A4063000B4BE4D /* LikeUserListViewOutput.swift */,
				AD2E9AB820A40E7000B4BE4D /* UserCoordinator.swift */,
			);
			path = UserFlow;
			sourceTree = "<group>";
		};
		AD2E9AAB20A4067200B4BE4D /* User */ = {
			isa = PBXGroup;
			children = (
				AD2E9AAC20A4069000B4BE4D /* LikeUserListViewController.swift */,
			);
			path = User;
			sourceTree = "<group>";
		};
		D846FC480BB7DD7E1D240E6C /* Pods */ = {
			isa = PBXGroup;
			children = (
				E18EDF9AA0FBD11844B97B06 /* Pods-CoordinatorQiitaClient.debug.xcconfig */,
				BF31CE512A64B9E1199D1554 /* Pods-CoordinatorQiitaClient.release.xcconfig */,
			);
			name = Pods;
			sourceTree = "<group>";
		};
/* End PBXGroup section */

/* Begin PBXNativeTarget section */
		AD2E99B9209988D800B4BE4D /* CoordinatorQiitaClient */ = {
			isa = PBXNativeTarget;
			buildConfigurationList = AD2E99D7209988DB00B4BE4D /* Build configuration list for PBXNativeTarget "CoordinatorQiitaClient" */;
			buildPhases = (
				C59C8F9C617F16DF4F0E17B9 /* [CP] Check Pods Manifest.lock */,
				AD2E99B6209988D800B4BE4D /* Sources */,
				AD2E99B7209988D800B4BE4D /* Frameworks */,
				AD2E99B8209988D800B4BE4D /* Resources */,
				F7B254803B8FD9184B5657E4 /* [CP] Embed Pods Frameworks */,
			);
			buildRules = (
			);
			dependencies = (
			);
			name = CoordinatorQiitaClient;
			productName = CoordinatorQiitaClient;
			productReference = AD2E99BA209988D800B4BE4D /* CoordinatorQiitaClient.app */;
			productType = "com.apple.product-type.application";
		};
		AD2E99CD209988DB00B4BE4D /* CoordinatorQiitaClientTests */ = {
			isa = PBXNativeTarget;
			buildConfigurationList = AD2E99DA209988DB00B4BE4D /* Build configuration list for PBXNativeTarget "CoordinatorQiitaClientTests" */;
			buildPhases = (
				AD2E99CA209988DB00B4BE4D /* Sources */,
				AD2E99CB209988DB00B4BE4D /* Frameworks */,
				AD2E99CC209988DB00B4BE4D /* Resources */,
			);
			buildRules = (
			);
			dependencies = (
				AD2E99D0209988DB00B4BE4D /* PBXTargetDependency */,
			);
			name = CoordinatorQiitaClientTests;
			productName = CoordinatorQiitaClientTests;
			productReference = AD2E99CE209988DB00B4BE4D /* CoordinatorQiitaClientTests.xctest */;
			productType = "com.apple.product-type.bundle.unit-test";
		};
/* End PBXNativeTarget section */

/* Begin PBXProject section */
		AD2E99B2209988D800B4BE4D /* Project object */ = {
			isa = PBXProject;
			attributes = {
				LastSwiftUpdateCheck = 0930;
				LastUpgradeCheck = 0930;
				ORGANIZATIONNAME = hachinobu;
				TargetAttributes = {
					AD2E99B9209988D800B4BE4D = {
						CreatedOnToolsVersion = 9.3;
					};
					AD2E99CD209988DB00B4BE4D = {
						CreatedOnToolsVersion = 9.3;
						TestTargetID = AD2E99B9209988D800B4BE4D;
					};
				};
			};
			buildConfigurationList = AD2E99B5209988D800B4BE4D /* Build configuration list for PBXProject "CoordinatorQiitaClient" */;
			compatibilityVersion = "Xcode 9.3";
			developmentRegion = en;
			hasScannedForEncodings = 0;
			knownRegions = (
				en,
				Base,
			);
			mainGroup = AD2E99B1209988D800B4BE4D;
			productRefGroup = AD2E99BB209988D800B4BE4D /* Products */;
			projectDirPath = "";
			projectRoot = "";
			targets = (
				AD2E99B9209988D800B4BE4D /* CoordinatorQiitaClient */,
				AD2E99CD209988DB00B4BE4D /* CoordinatorQiitaClientTests */,
			);
		};
/* End PBXProject section */

/* Begin PBXResourcesBuildPhase section */
		AD2E99B8209988D800B4BE4D /* Resources */ = {
			isa = PBXResourcesBuildPhase;
			buildActionMask = 2147483647;
			files = (
				AD2E9A7C20A1980100B4BE4D /* ItemListTableCell.xib in Resources */,
				AD2E9AB420A40A2000B4BE4D /* UserListTableCell.xib in Resources */,
				AD2E9A9720A287EE00B4BE4D /* ItemDetailHeaderTableCell.xib in Resources */,
				AD2E99C8209988DB00B4BE4D /* LaunchScreen.storyboard in Resources */,
				AD2E99C5209988DB00B4BE4D /* Assets.xcassets in Resources */,
				AD2E9A4E209FFFDD00B4BE4D /* LoginView.xib in Resources */,
				AD2E9A9A20A28D6500B4BE4D /* ItemDetailWebTableCell.xib in Resources */,
				AD2E99C3209988D800B4BE4D /* Main.storyboard in Resources */,
			);
			runOnlyForDeploymentPostprocessing = 0;
		};
		AD2E99CC209988DB00B4BE4D /* Resources */ = {
			isa = PBXResourcesBuildPhase;
			buildActionMask = 2147483647;
			files = (
			);
			runOnlyForDeploymentPostprocessing = 0;
		};
/* End PBXResourcesBuildPhase section */

/* Begin PBXShellScriptBuildPhase section */
		C59C8F9C617F16DF4F0E17B9 /* [CP] Check Pods Manifest.lock */ = {
			isa = PBXShellScriptBuildPhase;
			buildActionMask = 2147483647;
			files = (
			);
			inputPaths = (
				"${PODS_PODFILE_DIR_PATH}/Podfile.lock",
				"${PODS_ROOT}/Manifest.lock",
			);
			name = "[CP] Check Pods Manifest.lock";
			outputPaths = (
				"$(DERIVED_FILE_DIR)/Pods-CoordinatorQiitaClient-checkManifestLockResult.txt",
			);
			runOnlyForDeploymentPostprocessing = 0;
			shellPath = /bin/sh;
			shellScript = "diff \"${PODS_PODFILE_DIR_PATH}/Podfile.lock\" \"${PODS_ROOT}/Manifest.lock\" > /dev/null\nif [ $? != 0 ] ; then\n    # print error to STDERR\n    echo \"error: The sandbox is not in sync with the Podfile.lock. Run 'pod install' or update your CocoaPods installation.\" >&2\n    exit 1\nfi\n# This output is used by Xcode 'outputs' to avoid re-running this script phase.\necho \"SUCCESS\" > \"${SCRIPT_OUTPUT_FILE_0}\"\n";
			showEnvVarsInLog = 0;
		};
		F7B254803B8FD9184B5657E4 /* [CP] Embed Pods Frameworks */ = {
			isa = PBXShellScriptBuildPhase;
			buildActionMask = 2147483647;
			files = (
			);
			inputPaths = (
				"${SRCROOT}/Pods/Target Support Files/Pods-CoordinatorQiitaClient/Pods-CoordinatorQiitaClient-frameworks.sh",
				"${BUILT_PRODUCTS_DIR}/Alamofire/Alamofire.framework",
				"${BUILT_PRODUCTS_DIR}/FlowKitManager/FlowKitManager.framework",
				"${BUILT_PRODUCTS_DIR}/HydraAsync/Hydra.framework",
				"${BUILT_PRODUCTS_DIR}/Kingfisher/Kingfisher.framework",
				"${BUILT_PRODUCTS_DIR}/SVProgressHUD/SVProgressHUD.framework",
			);
			name = "[CP] Embed Pods Frameworks";
			outputPaths = (
				"${TARGET_BUILD_DIR}/${FRAMEWORKS_FOLDER_PATH}/Alamofire.framework",
				"${TARGET_BUILD_DIR}/${FRAMEWORKS_FOLDER_PATH}/FlowKitManager.framework",
				"${TARGET_BUILD_DIR}/${FRAMEWORKS_FOLDER_PATH}/Hydra.framework",
				"${TARGET_BUILD_DIR}/${FRAMEWORKS_FOLDER_PATH}/Kingfisher.framework",
				"${TARGET_BUILD_DIR}/${FRAMEWORKS_FOLDER_PATH}/SVProgressHUD.framework",
			);
			runOnlyForDeploymentPostprocessing = 0;
			shellPath = /bin/sh;
			shellScript = "\"${SRCROOT}/Pods/Target Support Files/Pods-CoordinatorQiitaClient/Pods-CoordinatorQiitaClient-frameworks.sh\"\n";
			showEnvVarsInLog = 0;
		};
/* End PBXShellScriptBuildPhase section */

/* Begin PBXSourcesBuildPhase section */
		AD2E99B6209988D800B4BE4D /* Sources */ = {
			isa = PBXSourcesBuildPhase;
			buildActionMask = 2147483647;
			files = (
				AD2E9A1B209FECF100B4BE4D /* LikeUserAPI.swift in Sources */,
				AD2E9A6C20A18A5000B4BE4D /* TabbarController.swift in Sources */,
				AD2E9A8B20A27BF500B4BE4D /* ProgressPresentableView.swift in Sources */,
				AD2E9A06209CB1A800B4BE4D /* APIHelper.swift in Sources */,
				AD2E9A0D209CBA5D00B4BE4D /* ItemAPI.swift in Sources */,
				AD2E9A11209CC4C100B4BE4D /* AuthenticationInfo.swift in Sources */,
				AD2E9A5620A0076B00B4BE4D /* AuthCoordinator.swift in Sources */,
				AD2E9A5D20A00F0100B4BE4D /* ApplicationCoordinator.swift in Sources */,
				AD2E9A1E209FF17E00B4BE4D /* NSObject+Ex.swift in Sources */,
				AD2E9A20209FF19D00B4BE4D /* UITableView+Ex.swift in Sources */,
				AD2E9AB720A40D9F00B4BE4D /* UserModuleFactory.swift in Sources */,
				AD2E9A15209CC7C000B4BE4D /* UserAPI.swift in Sources */,
				AD2E9A8320A1CCFD00B4BE4D /* Translatable.swift in Sources */,
				AD2E9ABB20A40F5800B4BE4D /* DeepLinkOption.swift in Sources */,
				AD2E9A5B20A00E6C00B4BE4D /* CoordinatorFactoryImpl.swift in Sources */,
				AD2E9A03209CB1A800B4BE4D /* JSONEncodableEncoding.swift in Sources */,
				AD2E9A02209CB1A800B4BE4D /* CodableHelper.swift in Sources */,
				AD2E9A6E20A18E2900B4BE4D /* TabModuleFactory.swift in Sources */,
				AD2E9A9620A287EE00B4BE4D /* ItemDetailHeaderTableCell.swift in Sources */,
				AD2E9A5220A0061800B4BE4D /* AuthModuleFactory.swift in Sources */,
				AD2E9A5420A0065200B4BE4D /* ModuleFactory.swift in Sources */,
				AD2E9AAA20A4063000B4BE4D /* LikeUserListViewOutput.swift in Sources */,
				AD2E9A00209CB1A700B4BE4D /* AlamofireImplementations.swift in Sources */,
				AD2E9A38209FF73F00B4BE4D /* Router.swift in Sources */,
				AD2E9A7320A1948600B4BE4D /* ItemModuleFactory.swift in Sources */,
				AD2E9AA520A3C99200B4BE4D /* ItemDetailViewOutput.swift in Sources */,
				AD2E9A8020A1B06300B4BE4D /* ItemListTableCellModel.swift in Sources */,
				AD2E9A7020A18EAB00B4BE4D /* TabbarCoordinator.swift in Sources */,
				AD2E9A0A209CB8B000B4BE4D /* Item.swift in Sources */,
				AD2E99FF209CB1A700B4BE4D /* Extensions.swift in Sources */,
				AD2E9A17209F0CA800B4BE4D /* TagAPI.swift in Sources */,
				AD2E9A2A209FF27200B4BE4D /* Sequence+Ex.swift in Sources */,
				AD2E9A42209FFC0A00B4BE4D /* BaseView.swift in Sources */,
				AD2E9A28209FF24F00B4BE4D /* URLRequest+Ex.swift in Sources */,
				AD2E9AB920A40E7000B4BE4D /* UserCoordinator.swift in Sources */,
				AD2E9A44209FFC5F00B4BE4D /* LoginViewOutput.swift in Sources */,
				AD2E99C0209988D800B4BE4D /* ViewController.swift in Sources */,
				AD2E9A5F20A0171A00B4BE4D /* AuthViewController.swift in Sources */,
				AD2E9A6820A188BD00B4BE4D /* TabViewOutput.swift in Sources */,
				AD2E9A9F20A2C5A000B4BE4D /* ItemContentsTableCellModel.swift in Sources */,
				AD2E9AA120A2CFC100B4BE4D /* ItemHeaderTableCellModelTranslator.swift in Sources */,
				AD2E99BE209988D800B4BE4D /* AppDelegate.swift in Sources */,
				AD2E9A05209CB1A800B4BE4D /* JSONEncodingHelper.swift in Sources */,
				AD2E9A04209CB1A800B4BE4D /* Configuration.swift in Sources */,
				AD2E9A26209FF22600B4BE4D /* StoryboardInstantiatable.swift in Sources */,
				AD2E9A36209FF71500B4BE4D /* Presentable.swift in Sources */,
				AD2E9A5920A0081E00B4BE4D /* CoordinatorFactory.swift in Sources */,
				AD2E9AAD20A4069000B4BE4D /* LikeUserListViewController.swift in Sources */,
				AD2E9AB120A4091300B4BE4D /* UserListTableCellModelTranslator.swift in Sources */,
				AD2E9A3A209FF76600B4BE4D /* RouterImpl.swift in Sources */,
				AD2E9A22209FF1BC00B4BE4D /* UICollectionView+Ex.swift in Sources */,
				AD2E99FE209CB1A700B4BE4D /* APIs.swift in Sources */,
				AD2E9A7820A195DC00B4BE4D /* ItemListViewController.swift in Sources */,
				AD2E99E0209C6A3A00B4BE4D /* User.swift in Sources */,
				AD2E9A8720A1D14200B4BE4D /* ItemCoordinator.swift in Sources */,
				AD2E9A13209CC59900B4BE4D /* AuthAPI.swift in Sources */,
				AD2E9AB520A40A2000B4BE4D /* UserListTableCell.swift in Sources */,
				AD2E9AA320A2D16D00B4BE4D /* ItemContentsTableCellModelTranslator.swift in Sources */,
				AD2E9AAF20A408B200B4BE4D /* UserListTableCellModel.swift in Sources */,
				AD2E9A31209FF63700B4BE4D /* Coordinator.swift in Sources */,
				AD2E9A33209FF6A600B4BE4D /* CoordinatorFinishFlowType.swift in Sources */,
				AD2E9A0F209CC11000B4BE4D /* LikeUser.swift in Sources */,
				AD2E9A2F209FF62500B4BE4D /* BaseCoordinator.swift in Sources */,
				AD2E9A8D20A284B200B4BE4D /* ItemDetailViewController.swift in Sources */,
				AD2E9A24209FF1FB00B4BE4D /* NibInstantiatable.swift in Sources */,
				AD2E9A9D20A2C0D400B4BE4D /* ItemHeaderTableCellModel.swift in Sources */,
				AD2E9A6320A0561100B4BE4D /* Config.swift in Sources */,
				AD2E9A2C209FF2AB00B4BE4D /* UserDefaults+Ex.swift in Sources */,
				AD2E9A9B20A28D6500B4BE4D /* ItemDetailWebTableCell.swift in Sources */,
				AD2E9A4C209FFFCB00B4BE4D /* LoginView.swift in Sources */,
				AD2E9A01209CB1A700B4BE4D /* Models.swift in Sources */,
				AD2E9A7D20A1980100B4BE4D /* ItemListTableCell.swift in Sources */,
				AD2E9A7620A194DB00B4BE4D /* ItemListViewOutput.swift in Sources */,
				AD2E9A08209CB86800B4BE4D /* Tag.swift in Sources */,
				AD2E9A8520A1CD2D00B4BE4D /* ItemListTableCellModelTranslator.swift in Sources */,
			);
			runOnlyForDeploymentPostprocessing = 0;
		};
		AD2E99CA209988DB00B4BE4D /* Sources */ = {
			isa = PBXSourcesBuildPhase;
			buildActionMask = 2147483647;
			files = (
				AD2E99D3209988DB00B4BE4D /* CoordinatorQiitaClientTests.swift in Sources */,
			);
			runOnlyForDeploymentPostprocessing = 0;
		};
/* End PBXSourcesBuildPhase section */

/* Begin PBXTargetDependency section */
		AD2E99D0209988DB00B4BE4D /* PBXTargetDependency */ = {
			isa = PBXTargetDependency;
			target = AD2E99B9209988D800B4BE4D /* CoordinatorQiitaClient */;
			targetProxy = AD2E99CF209988DB00B4BE4D /* PBXContainerItemProxy */;
		};
/* End PBXTargetDependency section */

/* Begin PBXVariantGroup section */
		AD2E99C1209988D800B4BE4D /* Main.storyboard */ = {
			isa = PBXVariantGroup;
			children = (
				AD2E99C2209988D800B4BE4D /* Base */,
			);
			name = Main.storyboard;
			sourceTree = "<group>";
		};
		AD2E99C6209988DB00B4BE4D /* LaunchScreen.storyboard */ = {
			isa = PBXVariantGroup;
			children = (
				AD2E99C7209988DB00B4BE4D /* Base */,
			);
			name = LaunchScreen.storyboard;
			sourceTree = "<group>";
		};
/* End PBXVariantGroup section */

/* Begin XCBuildConfiguration section */
		AD2E99D5209988DB00B4BE4D /* Debug */ = {
			isa = XCBuildConfiguration;
			buildSettings = {
				ALWAYS_SEARCH_USER_PATHS = NO;
				CLANG_ANALYZER_NONNULL = YES;
				CLANG_ANALYZER_NUMBER_OBJECT_CONVERSION = YES_AGGRESSIVE;
				CLANG_CXX_LANGUAGE_STANDARD = "gnu++14";
				CLANG_CXX_LIBRARY = "libc++";
				CLANG_ENABLE_MODULES = YES;
				CLANG_ENABLE_OBJC_ARC = YES;
				CLANG_ENABLE_OBJC_WEAK = YES;
				CLANG_WARN_BLOCK_CAPTURE_AUTORELEASING = YES;
				CLANG_WARN_BOOL_CONVERSION = YES;
				CLANG_WARN_COMMA = YES;
				CLANG_WARN_CONSTANT_CONVERSION = YES;
				CLANG_WARN_DEPRECATED_OBJC_IMPLEMENTATIONS = YES;
				CLANG_WARN_DIRECT_OBJC_ISA_USAGE = YES_ERROR;
				CLANG_WARN_DOCUMENTATION_COMMENTS = YES;
				CLANG_WARN_EMPTY_BODY = YES;
				CLANG_WARN_ENUM_CONVERSION = YES;
				CLANG_WARN_INFINITE_RECURSION = YES;
				CLANG_WARN_INT_CONVERSION = YES;
				CLANG_WARN_NON_LITERAL_NULL_CONVERSION = YES;
				CLANG_WARN_OBJC_IMPLICIT_RETAIN_SELF = YES;
				CLANG_WARN_OBJC_LITERAL_CONVERSION = YES;
				CLANG_WARN_OBJC_ROOT_CLASS = YES_ERROR;
				CLANG_WARN_RANGE_LOOP_ANALYSIS = YES;
				CLANG_WARN_STRICT_PROTOTYPES = YES;
				CLANG_WARN_SUSPICIOUS_MOVE = YES;
				CLANG_WARN_UNGUARDED_AVAILABILITY = YES_AGGRESSIVE;
				CLANG_WARN_UNREACHABLE_CODE = YES;
				CLANG_WARN__DUPLICATE_METHOD_MATCH = YES;
				CODE_SIGN_IDENTITY = "iPhone Developer";
				COPY_PHASE_STRIP = NO;
				DEBUG_INFORMATION_FORMAT = dwarf;
				ENABLE_STRICT_OBJC_MSGSEND = YES;
				ENABLE_TESTABILITY = YES;
				GCC_C_LANGUAGE_STANDARD = gnu11;
				GCC_DYNAMIC_NO_PIC = NO;
				GCC_NO_COMMON_BLOCKS = YES;
				GCC_OPTIMIZATION_LEVEL = 0;
				GCC_PREPROCESSOR_DEFINITIONS = (
					"DEBUG=1",
					"$(inherited)",
				);
				GCC_WARN_64_TO_32_BIT_CONVERSION = YES;
				GCC_WARN_ABOUT_RETURN_TYPE = YES_ERROR;
				GCC_WARN_UNDECLARED_SELECTOR = YES;
				GCC_WARN_UNINITIALIZED_AUTOS = YES_AGGRESSIVE;
				GCC_WARN_UNUSED_FUNCTION = YES;
				GCC_WARN_UNUSED_VARIABLE = YES;
				IPHONEOS_DEPLOYMENT_TARGET = 11.3;
				MTL_ENABLE_DEBUG_INFO = YES;
				ONLY_ACTIVE_ARCH = YES;
				SDKROOT = iphoneos;
				SWIFT_ACTIVE_COMPILATION_CONDITIONS = DEBUG;
				SWIFT_OPTIMIZATION_LEVEL = "-Onone";
			};
			name = Debug;
		};
		AD2E99D6209988DB00B4BE4D /* Release */ = {
			isa = XCBuildConfiguration;
			buildSettings = {
				ALWAYS_SEARCH_USER_PATHS = NO;
				CLANG_ANALYZER_NONNULL = YES;
				CLANG_ANALYZER_NUMBER_OBJECT_CONVERSION = YES_AGGRESSIVE;
				CLANG_CXX_LANGUAGE_STANDARD = "gnu++14";
				CLANG_CXX_LIBRARY = "libc++";
				CLANG_ENABLE_MODULES = YES;
				CLANG_ENABLE_OBJC_ARC = YES;
				CLANG_ENABLE_OBJC_WEAK = YES;
				CLANG_WARN_BLOCK_CAPTURE_AUTORELEASING = YES;
				CLANG_WARN_BOOL_CONVERSION = YES;
				CLANG_WARN_COMMA = YES;
				CLANG_WARN_CONSTANT_CONVERSION = YES;
				CLANG_WARN_DEPRECATED_OBJC_IMPLEMENTATIONS = YES;
				CLANG_WARN_DIRECT_OBJC_ISA_USAGE = YES_ERROR;
				CLANG_WARN_DOCUMENTATION_COMMENTS = YES;
				CLANG_WARN_EMPTY_BODY = YES;
				CLANG_WARN_ENUM_CONVERSION = YES;
				CLANG_WARN_INFINITE_RECURSION = YES;
				CLANG_WARN_INT_CONVERSION = YES;
				CLANG_WARN_NON_LITERAL_NULL_CONVERSION = YES;
				CLANG_WARN_OBJC_IMPLICIT_RETAIN_SELF = YES;
				CLANG_WARN_OBJC_LITERAL_CONVERSION = YES;
				CLANG_WARN_OBJC_ROOT_CLASS = YES_ERROR;
				CLANG_WARN_RANGE_LOOP_ANALYSIS = YES;
				CLANG_WARN_STRICT_PROTOTYPES = YES;
				CLANG_WARN_SUSPICIOUS_MOVE = YES;
				CLANG_WARN_UNGUARDED_AVAILABILITY = YES_AGGRESSIVE;
				CLANG_WARN_UNREACHABLE_CODE = YES;
				CLANG_WARN__DUPLICATE_METHOD_MATCH = YES;
				CODE_SIGN_IDENTITY = "iPhone Developer";
				COPY_PHASE_STRIP = NO;
				DEBUG_INFORMATION_FORMAT = "dwarf-with-dsym";
				ENABLE_NS_ASSERTIONS = NO;
				ENABLE_STRICT_OBJC_MSGSEND = YES;
				GCC_C_LANGUAGE_STANDARD = gnu11;
				GCC_NO_COMMON_BLOCKS = YES;
				GCC_WARN_64_TO_32_BIT_CONVERSION = YES;
				GCC_WARN_ABOUT_RETURN_TYPE = YES_ERROR;
				GCC_WARN_UNDECLARED_SELECTOR = YES;
				GCC_WARN_UNINITIALIZED_AUTOS = YES_AGGRESSIVE;
				GCC_WARN_UNUSED_FUNCTION = YES;
				GCC_WARN_UNUSED_VARIABLE = YES;
				IPHONEOS_DEPLOYMENT_TARGET = 11.3;
				MTL_ENABLE_DEBUG_INFO = NO;
				SDKROOT = iphoneos;
				SWIFT_COMPILATION_MODE = wholemodule;
				SWIFT_OPTIMIZATION_LEVEL = "-O";
				VALIDATE_PRODUCT = YES;
			};
			name = Release;
		};
		AD2E99D8209988DB00B4BE4D /* Debug */ = {
			isa = XCBuildConfiguration;
			baseConfigurationReference = E18EDF9AA0FBD11844B97B06 /* Pods-CoordinatorQiitaClient.debug.xcconfig */;
			buildSettings = {
				ASSETCATALOG_COMPILER_APPICON_NAME = AppIcon;
				CODE_SIGN_STYLE = Automatic;
				INFOPLIST_FILE = CoordinatorQiitaClient/Info.plist;
				LD_RUNPATH_SEARCH_PATHS = (
					"$(inherited)",
					"@executable_path/Frameworks",
				);
				PRODUCT_BUNDLE_IDENTIFIER = com.hachinobu.CoordinatorQiitaClient;
				PRODUCT_NAME = "$(TARGET_NAME)";
				SWIFT_VERSION = 4.0;
				TARGETED_DEVICE_FAMILY = "1,2";
			};
			name = Debug;
		};
		AD2E99D9209988DB00B4BE4D /* Release */ = {
			isa = XCBuildConfiguration;
			baseConfigurationReference = BF31CE512A64B9E1199D1554 /* Pods-CoordinatorQiitaClient.release.xcconfig */;
			buildSettings = {
				ASSETCATALOG_COMPILER_APPICON_NAME = AppIcon;
				CODE_SIGN_STYLE = Automatic;
				INFOPLIST_FILE = CoordinatorQiitaClient/Info.plist;
				LD_RUNPATH_SEARCH_PATHS = (
					"$(inherited)",
					"@executable_path/Frameworks",
				);
				PRODUCT_BUNDLE_IDENTIFIER = com.hachinobu.CoordinatorQiitaClient;
				PRODUCT_NAME = "$(TARGET_NAME)";
				SWIFT_VERSION = 4.0;
				TARGETED_DEVICE_FAMILY = "1,2";
			};
			name = Release;
		};
		AD2E99DB209988DB00B4BE4D /* Debug */ = {
			isa = XCBuildConfiguration;
			buildSettings = {
				ALWAYS_EMBED_SWIFT_STANDARD_LIBRARIES = YES;
				BUNDLE_LOADER = "$(TEST_HOST)";
				CODE_SIGN_STYLE = Automatic;
				INFOPLIST_FILE = CoordinatorQiitaClientTests/Info.plist;
				LD_RUNPATH_SEARCH_PATHS = (
					"$(inherited)",
					"@executable_path/Frameworks",
					"@loader_path/Frameworks",
				);
				PRODUCT_BUNDLE_IDENTIFIER = com.hachinobu.CoordinatorQiitaClientTests;
				PRODUCT_NAME = "$(TARGET_NAME)";
				SWIFT_VERSION = 4.0;
				TARGETED_DEVICE_FAMILY = "1,2";
				TEST_HOST = "$(BUILT_PRODUCTS_DIR)/CoordinatorQiitaClient.app/CoordinatorQiitaClient";
			};
			name = Debug;
		};
		AD2E99DC209988DB00B4BE4D /* Release */ = {
			isa = XCBuildConfiguration;
			buildSettings = {
				ALWAYS_EMBED_SWIFT_STANDARD_LIBRARIES = YES;
				BUNDLE_LOADER = "$(TEST_HOST)";
				CODE_SIGN_STYLE = Automatic;
				INFOPLIST_FILE = CoordinatorQiitaClientTests/Info.plist;
				LD_RUNPATH_SEARCH_PATHS = (
					"$(inherited)",
					"@executable_path/Frameworks",
					"@loader_path/Frameworks",
				);
				PRODUCT_BUNDLE_IDENTIFIER = com.hachinobu.CoordinatorQiitaClientTests;
				PRODUCT_NAME = "$(TARGET_NAME)";
				SWIFT_VERSION = 4.0;
				TARGETED_DEVICE_FAMILY = "1,2";
				TEST_HOST = "$(BUILT_PRODUCTS_DIR)/CoordinatorQiitaClient.app/CoordinatorQiitaClient";
			};
			name = Release;
		};
/* End XCBuildConfiguration section */

/* Begin XCConfigurationList section */
		AD2E99B5209988D800B4BE4D /* Build configuration list for PBXProject "CoordinatorQiitaClient" */ = {
			isa = XCConfigurationList;
			buildConfigurations = (
				AD2E99D5209988DB00B4BE4D /* Debug */,
				AD2E99D6209988DB00B4BE4D /* Release */,
			);
			defaultConfigurationIsVisible = 0;
			defaultConfigurationName = Release;
		};
		AD2E99D7209988DB00B4BE4D /* Build configuration list for PBXNativeTarget "CoordinatorQiitaClient" */ = {
			isa = XCConfigurationList;
			buildConfigurations = (
				AD2E99D8209988DB00B4BE4D /* Debug */,
				AD2E99D9209988DB00B4BE4D /* Release */,
			);
			defaultConfigurationIsVisible = 0;
			defaultConfigurationName = Release;
		};
		AD2E99DA209988DB00B4BE4D /* Build configuration list for PBXNativeTarget "CoordinatorQiitaClientTests" */ = {
			isa = XCConfigurationList;
			buildConfigurations = (
				AD2E99DB209988DB00B4BE4D /* Debug */,
				AD2E99DC209988DB00B4BE4D /* Release */,
			);
			defaultConfigurationIsVisible = 0;
			defaultConfigurationName = Release;
		};
/* End XCConfigurationList section */
	};
	rootObject = AD2E99B2209988D800B4BE4D /* Project object */;
}
